// !$*UTF8*$!
{
	archiveVersion = 1;
	classes = {
	};
	objectVersion = 77;
	objects = {

/* Begin PBXBuildFile section */
		19C8D00F2E5E4C250075386F /* TopHeadlines.storyboard in Resources */ = {isa = PBXBuildFile; fileRef = 19C8CFF52E5E4C250075386F /* TopHeadlines.storyboard */; };
		19C8D0102E5E4C250075386F /* Assets.xcassets in Resources */ = {isa = PBXBuildFile; fileRef = 19C8D0072E5E4C250075386F /* Assets.xcassets */; };
		19C8D0112E5E4C250075386F /* LaunchScreen.storyboard in Resources */ = {isa = PBXBuildFile; fileRef = 19C8D0092E5E4C250075386F /* LaunchScreen.storyboard */; };
		19C8D0132E5E4C250075386F /* TopHeadlinesVC.swift in Sources */ = {isa = PBXBuildFile; fileRef = 19C8CFF72E5E4C250075386F /* TopHeadlinesVC.swift */; };
		19C8D0142E5E4C250075386F /* TopHeadlinesVM.swift in Sources */ = {isa = PBXBuildFile; fileRef = 19C8CFF82E5E4C250075386F /* TopHeadlinesVM.swift */; };
		19C8D0152E5E4C250075386F /* ActivityLoaderView.swift in Sources */ = {isa = PBXBuildFile; fileRef = 19C8CFFD2E5E4C250075386F /* ActivityLoaderView.swift */; };
		19C8D0162E5E4C250075386F /* BaseVC.swift in Sources */ = {isa = PBXBuildFile; fileRef = 19C8CFFE2E5E4C250075386F /* BaseVC.swift */; };
		19C8D0172E5E4C250075386F /* ToastView.swift in Sources */ = {isa = PBXBuildFile; fileRef = 19C8CFFF2E5E4C250075386F /* ToastView.swift */; };
		19C8D0182E5E4C250075386F /* ShadowView.swift in Sources */ = {isa = PBXBuildFile; fileRef = 19C8D0012E5E4C250075386F /* ShadowView.swift */; };
		19C8D0192E5E4C250075386F /* CollectionViewExt.swift in Sources */ = {isa = PBXBuildFile; fileRef = 19C8D0032E5E4C250075386F /* CollectionViewExt.swift */; };
		19C8D01A2E5E4C250075386F /* TableViewExt.swift in Sources */ = {isa = PBXBuildFile; fileRef = 19C8D0042E5E4C250075386F /* TableViewExt.swift */; };
		19C8D01B2E5E4C250075386F /* UIImageExt.swift in Sources */ = {isa = PBXBuildFile; fileRef = 19C8D0052E5E4C250075386F /* UIImageExt.swift */; };
		19C8D01C2E5E4C250075386F /* SceneDelegate.swift in Sources */ = {isa = PBXBuildFile; fileRef = 19C8D00A2E5E4C250075386F /* SceneDelegate.swift */; };
		19C8D01D2E5E4C250075386F /* AppDelegate.swift in Sources */ = {isa = PBXBuildFile; fileRef = 19C8D00C2E5E4C250075386F /* AppDelegate.swift */; };
		19C8D0212E5E64CE0075386F /* HeadlineCell.xib in Resources */ = {isa = PBXBuildFile; fileRef = 19C8D0202E5E64CE0075386F /* HeadlineCell.xib */; };
		19C8D0222E5E64CE0075386F /* HeadlineCell.swift in Sources */ = {isa = PBXBuildFile; fileRef = 19C8D01F2E5E64CE0075386F /* HeadlineCell.swift */; };
		19C8D0242E5E6C490075386F /* StringExt.swift in Sources */ = {isa = PBXBuildFile; fileRef = 19C8D0232E5E6C460075386F /* StringExt.swift */; };
		19C8D0262E5E6F9E0075386F /* UISearchBarExt.swift in Sources */ = {isa = PBXBuildFile; fileRef = 19C8D0252E5E6F9E0075386F /* UISearchBarExt.swift */; };
		19C8D0282E5EF5800075386F /* CardView.swift in Sources */ = {isa = PBXBuildFile; fileRef = 19C8D0272E5EF57D0075386F /* CardView.swift */; };
		19C8D02A2E5EF5B20075386F /* UIColorHex.swift in Sources */ = {isa = PBXBuildFile; fileRef = 19C8D0292E5EF5AE0075386F /* UIColorHex.swift */; };
		19C8D02C2E5EF8490075386F /* RoundCornersImage.swift in Sources */ = {isa = PBXBuildFile; fileRef = 19C8D02B2E5EF8430075386F /* RoundCornersImage.swift */; };
		19C8D02E2E5EFB1B0075386F /* Countries.json in Resources */ = {isa = PBXBuildFile; fileRef = 19C8D02D2E5EFB130075386F /* Countries.json */; };
		19C8D0302E5EFBAF0075386F /* Country.swift in Sources */ = {isa = PBXBuildFile; fileRef = 19C8D02F2E5EFBAC0075386F /* Country.swift */; };
		19C8D0332E5EFCAB0075386F /* LoadCountiesUtil.swift in Sources */ = {isa = PBXBuildFile; fileRef = 19C8D0322E5EFCA70075386F /* LoadCountiesUtil.swift */; };
		19C8D03B2E5F13300075386F /* NewsDetailUI.swift in Sources */ = {isa = PBXBuildFile; fileRef = 19C8D03A2E5F13300075386F /* NewsDetailUI.swift */; };
		19C8D06B2E5F58F80075386F /* RequestManager.swift in Sources */ = {isa = PBXBuildFile; fileRef = 19C8D0682E5F58F80075386F /* RequestManager.swift */; };
		19C8D06C2E5F58F80075386F /* APIConstants.swift in Sources */ = {isa = PBXBuildFile; fileRef = 19C8D0632E5F58F80075386F /* APIConstants.swift */; };
		19C8D06D2E5F58F80075386F /* NetworkManager.swift in Sources */ = {isa = PBXBuildFile; fileRef = 19C8D0672E5F58F80075386F /* NetworkManager.swift */; };
		19C8D06E2E5F58F80075386F /* RequestType.swift in Sources */ = {isa = PBXBuildFile; fileRef = 19C8D06A2E5F58F80075386F /* RequestType.swift */; };
		19C8D06F2E5F58F80075386F /* RequestProtocol.swift in Sources */ = {isa = PBXBuildFile; fileRef = 19C8D0692E5F58F80075386F /* RequestProtocol.swift */; };
		19C8D0702E5F58F80075386F /* DataParser.swift in Sources */ = {isa = PBXBuildFile; fileRef = 19C8D0642E5F58F80075386F /* DataParser.swift */; };
		19C8D0712E5F58F80075386F /* Logger.swift in Sources */ = {isa = PBXBuildFile; fileRef = 19C8D0652E5F58F80075386F /* Logger.swift */; };
		19C8D0722E5F58F80075386F /* NetworkError.swift in Sources */ = {isa = PBXBuildFile; fileRef = 19C8D0662E5F58F80075386F /* NetworkError.swift */; };
		19C8D0752E5F590F0075386F /* DependencyContainer.swift in Sources */ = {isa = PBXBuildFile; fileRef = 19C8D0742E5F590F0075386F /* DependencyContainer.swift */; };
/* End PBXBuildFile section */

/* Begin PBXFileReference section */
		19C8CF8D2E5E1A130075386F /* NewsFlash.app */ = {isa = PBXFileReference; explicitFileType = wrapper.application; includeInIndex = 0; path = NewsFlash.app; sourceTree = BUILT_PRODUCTS_DIR; };
		19C8CFF52E5E4C250075386F /* TopHeadlines.storyboard */ = {isa = PBXFileReference; lastKnownFileType = file.storyboard; path = TopHeadlines.storyboard; sourceTree = "<group>"; };
		19C8CFF72E5E4C250075386F /* TopHeadlinesVC.swift */ = {isa = PBXFileReference; lastKnownFileType = sourcecode.swift; path = TopHeadlinesVC.swift; sourceTree = "<group>"; };
		19C8CFF82E5E4C250075386F /* TopHeadlinesVM.swift */ = {isa = PBXFileReference; lastKnownFileType = sourcecode.swift; path = TopHeadlinesVM.swift; sourceTree = "<group>"; };
		19C8CFFD2E5E4C250075386F /* ActivityLoaderView.swift */ = {isa = PBXFileReference; lastKnownFileType = sourcecode.swift; path = ActivityLoaderView.swift; sourceTree = "<group>"; };
		19C8CFFE2E5E4C250075386F /* BaseVC.swift */ = {isa = PBXFileReference; lastKnownFileType = sourcecode.swift; path = BaseVC.swift; sourceTree = "<group>"; };
		19C8CFFF2E5E4C250075386F /* ToastView.swift */ = {isa = PBXFileReference; lastKnownFileType = sourcecode.swift; path = ToastView.swift; sourceTree = "<group>"; };
		19C8D0012E5E4C250075386F /* ShadowView.swift */ = {isa = PBXFileReference; lastKnownFileType = sourcecode.swift; path = ShadowView.swift; sourceTree = "<group>"; };
		19C8D0032E5E4C250075386F /* CollectionViewExt.swift */ = {isa = PBXFileReference; lastKnownFileType = sourcecode.swift; path = CollectionViewExt.swift; sourceTree = "<group>"; };
		19C8D0042E5E4C250075386F /* TableViewExt.swift */ = {isa = PBXFileReference; lastKnownFileType = sourcecode.swift; path = TableViewExt.swift; sourceTree = "<group>"; };
		19C8D0052E5E4C250075386F /* UIImageExt.swift */ = {isa = PBXFileReference; lastKnownFileType = sourcecode.swift; path = UIImageExt.swift; sourceTree = "<group>"; };
		19C8D0072E5E4C250075386F /* Assets.xcassets */ = {isa = PBXFileReference; lastKnownFileType = folder.assetcatalog; path = Assets.xcassets; sourceTree = "<group>"; };
		19C8D0082E5E4C250075386F /* Base */ = {isa = PBXFileReference; lastKnownFileType = file.storyboard; name = Base; path = Base.lproj/LaunchScreen.storyboard; sourceTree = "<group>"; };
		19C8D00A2E5E4C250075386F /* SceneDelegate.swift */ = {isa = PBXFileReference; lastKnownFileType = sourcecode.swift; path = SceneDelegate.swift; sourceTree = "<group>"; };
		19C8D00C2E5E4C250075386F /* AppDelegate.swift */ = {isa = PBXFileReference; lastKnownFileType = sourcecode.swift; path = AppDelegate.swift; sourceTree = "<group>"; };
		19C8D00D2E5E4C250075386F /* Info.plist */ = {isa = PBXFileReference; lastKnownFileType = text.plist.xml; path = Info.plist; sourceTree = "<group>"; };
		19C8D01F2E5E64CE0075386F /* HeadlineCell.swift */ = {isa = PBXFileReference; lastKnownFileType = sourcecode.swift; path = HeadlineCell.swift; sourceTree = "<group>"; };
		19C8D0202E5E64CE0075386F /* HeadlineCell.xib */ = {isa = PBXFileReference; lastKnownFileType = file.xib; path = HeadlineCell.xib; sourceTree = "<group>"; };
		19C8D0232E5E6C460075386F /* StringExt.swift */ = {isa = PBXFileReference; lastKnownFileType = sourcecode.swift; path = StringExt.swift; sourceTree = "<group>"; };
		19C8D0252E5E6F9E0075386F /* UISearchBarExt.swift */ = {isa = PBXFileReference; lastKnownFileType = sourcecode.swift; path = UISearchBarExt.swift; sourceTree = "<group>"; };
		19C8D0272E5EF57D0075386F /* CardView.swift */ = {isa = PBXFileReference; lastKnownFileType = sourcecode.swift; path = CardView.swift; sourceTree = "<group>"; };
		19C8D0292E5EF5AE0075386F /* UIColorHex.swift */ = {isa = PBXFileReference; lastKnownFileType = sourcecode.swift; path = UIColorHex.swift; sourceTree = "<group>"; };
		19C8D02B2E5EF8430075386F /* RoundCornersImage.swift */ = {isa = PBXFileReference; lastKnownFileType = sourcecode.swift; path = RoundCornersImage.swift; sourceTree = "<group>"; };
		19C8D02D2E5EFB130075386F /* Countries.json */ = {isa = PBXFileReference; lastKnownFileType = text.json; path = Countries.json; sourceTree = "<group>"; };
		19C8D02F2E5EFBAC0075386F /* Country.swift */ = {isa = PBXFileReference; lastKnownFileType = sourcecode.swift; path = Country.swift; sourceTree = "<group>"; };
		19C8D0322E5EFCA70075386F /* LoadCountiesUtil.swift */ = {isa = PBXFileReference; lastKnownFileType = sourcecode.swift; path = LoadCountiesUtil.swift; sourceTree = "<group>"; };
		19C8D03A2E5F13300075386F /* NewsDetailUI.swift */ = {isa = PBXFileReference; lastKnownFileType = sourcecode.swift; path = NewsDetailUI.swift; sourceTree = "<group>"; };
		19C8D0632E5F58F80075386F /* APIConstants.swift */ = {isa = PBXFileReference; lastKnownFileType = sourcecode.swift; path = APIConstants.swift; sourceTree = "<group>"; };
		19C8D0642E5F58F80075386F /* DataParser.swift */ = {isa = PBXFileReference; lastKnownFileType = sourcecode.swift; path = DataParser.swift; sourceTree = "<group>"; };
		19C8D0652E5F58F80075386F /* Logger.swift */ = {isa = PBXFileReference; lastKnownFileType = sourcecode.swift; path = Logger.swift; sourceTree = "<group>"; };
		19C8D0662E5F58F80075386F /* NetworkError.swift */ = {isa = PBXFileReference; lastKnownFileType = sourcecode.swift; path = NetworkError.swift; sourceTree = "<group>"; };
		19C8D0672E5F58F80075386F /* NetworkManager.swift */ = {isa = PBXFileReference; lastKnownFileType = sourcecode.swift; path = NetworkManager.swift; sourceTree = "<group>"; };
		19C8D0682E5F58F80075386F /* RequestManager.swift */ = {isa = PBXFileReference; lastKnownFileType = sourcecode.swift; path = RequestManager.swift; sourceTree = "<group>"; };
		19C8D0692E5F58F80075386F /* RequestProtocol.swift */ = {isa = PBXFileReference; lastKnownFileType = sourcecode.swift; path = RequestProtocol.swift; sourceTree = "<group>"; };
		19C8D06A2E5F58F80075386F /* RequestType.swift */ = {isa = PBXFileReference; lastKnownFileType = sourcecode.swift; path = RequestType.swift; sourceTree = "<group>"; };
		19C8D0742E5F590F0075386F /* DependencyContainer.swift */ = {isa = PBXFileReference; lastKnownFileType = sourcecode.swift; path = DependencyContainer.swift; sourceTree = "<group>"; };
/* End PBXFileReference section */

/* Begin PBXFrameworksBuildPhase section */
		19C8CF8A2E5E1A130075386F /* Frameworks */ = {
			isa = PBXFrameworksBuildPhase;
			buildActionMask = 2147483647;
			files = (
			);
			runOnlyForDeploymentPostprocessing = 0;
		};
/* End PBXFrameworksBuildPhase section */

/* Begin PBXGroup section */
		19C8CF842E5E1A130075386F = {
			isa = PBXGroup;
			children = (
				19C8D00E2E5E4C250075386F /* NewsFlash */,
				19C8CF8E2E5E1A130075386F /* Products */,
			);
			sourceTree = "<group>";
		};
		19C8CF8E2E5E1A130075386F /* Products */ = {
			isa = PBXGroup;
			children = (
				19C8CF8D2E5E1A130075386F /* NewsFlash.app */,
			);
			name = Products;
			sourceTree = "<group>";
		};
		19C8CFF32E5E4C250075386F /* AppDelegate */ = {
			isa = PBXGroup;
			children = (
				19C8D00C2E5E4C250075386F /* AppDelegate.swift */,
			);
			path = AppDelegate;
			sourceTree = "<group>";
		};
		19C8CFF42E5E4C250075386F /* Cells */ = {
			isa = PBXGroup;
			children = (
				19C8D01F2E5E64CE0075386F /* HeadlineCell.swift */,
				19C8D0202E5E64CE0075386F /* HeadlineCell.xib */,
			);
			path = Cells;
			sourceTree = "<group>";
		};
		19C8CFF62E5E4C250075386F /* View */ = {
			isa = PBXGroup;
			children = (
				19C8CFF52E5E4C250075386F /* TopHeadlines.storyboard */,
				19C8CFF42E5E4C250075386F /* Cells */,
			);
			path = View;
			sourceTree = "<group>";
		};
		19C8CFF92E5E4C250075386F /* TopHeadlines */ = {
			isa = PBXGroup;
			children = (
				19C8CFF62E5E4C250075386F /* View */,
				19C8D0342E5F123E0075386F /* ViewController */,
				19C8D0352E5F12470075386F /* ViewModel */,
			);
			path = TopHeadlines;
			sourceTree = "<group>";
		};
		19C8CFFA2E5E4C250075386F /* Presentation */ = {
			isa = PBXGroup;
			children = (
				19C8CFF92E5E4C250075386F /* TopHeadlines */,
				19C8D0392E5F131A0075386F /* NewsDetail */,
			);
			path = Presentation;
			sourceTree = "<group>";
		};
		19C8CFFB2E5E4C250075386F /* Modules */ = {
			isa = PBXGroup;
			children = (
				19C8CFFA2E5E4C250075386F /* Presentation */,
				19C8D0362E5F12630075386F /* Domain */,
				19C8D0372E5F12760075386F /* Service */,
				19C8D0382E5F12800075386F /* Data */,
			);
			path = Modules;
			sourceTree = "<group>";
		};
		19C8CFFC2E5E4C250075386F /* NetworkLayer */ = {
			isa = PBXGroup;
			children = (
				19C8D0732E5F59080075386F /* DI */,
				19C8D0632E5F58F80075386F /* APIConstants.swift */,
				19C8D0642E5F58F80075386F /* DataParser.swift */,
				19C8D0652E5F58F80075386F /* Logger.swift */,
				19C8D0662E5F58F80075386F /* NetworkError.swift */,
				19C8D0672E5F58F80075386F /* NetworkManager.swift */,
				19C8D0682E5F58F80075386F /* RequestManager.swift */,
				19C8D0692E5F58F80075386F /* RequestProtocol.swift */,
				19C8D06A2E5F58F80075386F /* RequestType.swift */,
			);
			path = NetworkLayer;
			sourceTree = "<group>";
		};
		19C8D0002E5E4C250075386F /* Core */ = {
			isa = PBXGroup;
			children = (
				19C8CFFD2E5E4C250075386F /* ActivityLoaderView.swift */,
				19C8CFFE2E5E4C250075386F /* BaseVC.swift */,
				19C8CFFF2E5E4C250075386F /* ToastView.swift */,
			);
			path = Core;
			sourceTree = "<group>";
		};
		19C8D0022E5E4C250075386F /* Custom Designable */ = {
			isa = PBXGroup;
			children = (
				19C8D02B2E5EF8430075386F /* RoundCornersImage.swift */,
				19C8D0272E5EF57D0075386F /* CardView.swift */,
				19C8D0012E5E4C250075386F /* ShadowView.swift */,
			);
			path = "Custom Designable";
			sourceTree = "<group>";
		};
		19C8D0062E5E4C250075386F /* Extensions */ = {
			isa = PBXGroup;
			children = (
				19C8D0292E5EF5AE0075386F /* UIColorHex.swift */,
				19C8D0252E5E6F9E0075386F /* UISearchBarExt.swift */,
				19C8D0232E5E6C460075386F /* StringExt.swift */,
				19C8D0032E5E4C250075386F /* CollectionViewExt.swift */,
				19C8D0042E5E4C250075386F /* TableViewExt.swift */,
				19C8D0052E5E4C250075386F /* UIImageExt.swift */,
			);
			path = Extensions;
			sourceTree = "<group>";
		};
		19C8D00B2E5E4C250075386F /* SupportingFiles */ = {
			isa = PBXGroup;
			children = (
				19C8D0312E5EFC8D0075386F /* Countries */,
				19C8D0002E5E4C250075386F /* Core */,
				19C8D0022E5E4C250075386F /* Custom Designable */,
				19C8D0062E5E4C250075386F /* Extensions */,
				19C8D0072E5E4C250075386F /* Assets.xcassets */,
				19C8D0092E5E4C250075386F /* LaunchScreen.storyboard */,
				19C8D00A2E5E4C250075386F /* SceneDelegate.swift */,
			);
			path = SupportingFiles;
			sourceTree = "<group>";
		};
		19C8D00E2E5E4C250075386F /* NewsFlash */ = {
			isa = PBXGroup;
			children = (
				19C8CFF32E5E4C250075386F /* AppDelegate */,
				19C8CFFB2E5E4C250075386F /* Modules */,
				19C8CFFC2E5E4C250075386F /* NetworkLayer */,
				19C8D00B2E5E4C250075386F /* SupportingFiles */,
				19C8D00D2E5E4C250075386F /* Info.plist */,
			);
			path = NewsFlash;
			sourceTree = "<group>";
		};
		19C8D0312E5EFC8D0075386F /* Countries */ = {
			isa = PBXGroup;
			children = (
				19C8D0322E5EFCA70075386F /* LoadCountiesUtil.swift */,
				19C8D02F2E5EFBAC0075386F /* Country.swift */,
				19C8D02D2E5EFB130075386F /* Countries.json */,
			);
			path = Countries;
			sourceTree = "<group>";
		};
		19C8D0342E5F123E0075386F /* ViewController */ = {
			isa = PBXGroup;
			children = (
				19C8CFF72E5E4C250075386F /* TopHeadlinesVC.swift */,
			);
			path = ViewController;
			sourceTree = "<group>";
		};
		19C8D0352E5F12470075386F /* ViewModel */ = {
			isa = PBXGroup;
			children = (
				19C8CFF82E5E4C250075386F /* TopHeadlinesVM.swift */,
			);
			path = ViewModel;
			sourceTree = "<group>";
		};
		19C8D0362E5F12630075386F /* Domain */ = {
			isa = PBXGroup;
			children = (
			);
			path = Domain;
			sourceTree = "<group>";
		};
		19C8D0372E5F12760075386F /* Service */ = {
			isa = PBXGroup;
			children = (
			);
			path = Service;
			sourceTree = "<group>";
		};
		19C8D0382E5F12800075386F /* Data */ = {
			isa = PBXGroup;
			children = (
			);
			path = Data;
			sourceTree = "<group>";
		};
		19C8D0392E5F131A0075386F /* NewsDetail */ = {
			isa = PBXGroup;
			children = (
				19C8D0622E5F58CB0075386F /* ViewModel */,
				19C8D0602E5F58B80075386F /* View */,
			);
			path = NewsDetail;
			sourceTree = "<group>";
		};
		19C8D0602E5F58B80075386F /* View */ = {
			isa = PBXGroup;
			children = (
				19C8D03A2E5F13300075386F /* NewsDetailUI.swift */,
			);
			path = View;
			sourceTree = "<group>";
		};
		19C8D0622E5F58CB0075386F /* ViewModel */ = {
			isa = PBXGroup;
			children = (
			);
			path = ViewModel;
			sourceTree = "<group>";
		};
		19C8D0732E5F59080075386F /* DI */ = {
			isa = PBXGroup;
			children = (
				19C8D0742E5F590F0075386F /* DependencyContainer.swift */,
			);
			path = DI;
			sourceTree = "<group>";
		};
/* End PBXGroup section */

/* Begin PBXNativeTarget section */
		19C8CF8C2E5E1A130075386F /* NewsFlash */ = {
			isa = PBXNativeTarget;
			buildConfigurationList = 19C8CFA02E5E1A140075386F /* Build configuration list for PBXNativeTarget "NewsFlash" */;
			buildPhases = (
				19C8CF892E5E1A130075386F /* Sources */,
				19C8CF8A2E5E1A130075386F /* Frameworks */,
				19C8CF8B2E5E1A130075386F /* Resources */,
			);
			buildRules = (
			);
			dependencies = (
			);
			name = NewsFlash;
			packageProductDependencies = (
			);
			productName = NewsFlash;
			productReference = 19C8CF8D2E5E1A130075386F /* NewsFlash.app */;
			productType = "com.apple.product-type.application";
		};
/* End PBXNativeTarget section */

/* Begin PBXProject section */
		19C8CF852E5E1A130075386F /* Project object */ = {
			isa = PBXProject;
			attributes = {
				BuildIndependentTargetsInParallel = 1;
				LastSwiftUpdateCheck = 1620;
				LastUpgradeCheck = 1620;
				TargetAttributes = {
					19C8CF8C2E5E1A130075386F = {
						CreatedOnToolsVersion = 16.2;
					};
				};
			};
			buildConfigurationList = 19C8CF882E5E1A130075386F /* Build configuration list for PBXProject "NewsFlash" */;
			developmentRegion = en;
			hasScannedForEncodings = 0;
			knownRegions = (
				en,
				Base,
			);
			mainGroup = 19C8CF842E5E1A130075386F;
			minimizedProjectReferenceProxies = 1;
			preferredProjectObjectVersion = 77;
			productRefGroup = 19C8CF8E2E5E1A130075386F /* Products */;
			projectDirPath = "";
			projectRoot = "";
			targets = (
				19C8CF8C2E5E1A130075386F /* NewsFlash */,
			);
		};
/* End PBXProject section */

/* Begin PBXResourcesBuildPhase section */
		19C8CF8B2E5E1A130075386F /* Resources */ = {
			isa = PBXResourcesBuildPhase;
			buildActionMask = 2147483647;
			files = (
				19C8D00F2E5E4C250075386F /* TopHeadlines.storyboard in Resources */,
				19C8D0102E5E4C250075386F /* Assets.xcassets in Resources */,
				19C8D0112E5E4C250075386F /* LaunchScreen.storyboard in Resources */,
				19C8D02E2E5EFB1B0075386F /* Countries.json in Resources */,
				19C8D0212E5E64CE0075386F /* HeadlineCell.xib in Resources */,
			);
			runOnlyForDeploymentPostprocessing = 0;
		};
/* End PBXResourcesBuildPhase section */

/* Begin PBXSourcesBuildPhase section */
		19C8CF892E5E1A130075386F /* Sources */ = {
			isa = PBXSourcesBuildPhase;
			buildActionMask = 2147483647;
			files = (
				19C8D0752E5F590F0075386F /* DependencyContainer.swift in Sources */,
				19C8D0132E5E4C250075386F /* TopHeadlinesVC.swift in Sources */,
				19C8D0242E5E6C490075386F /* StringExt.swift in Sources */,
				19C8D0142E5E4C250075386F /* TopHeadlinesVM.swift in Sources */,
				19C8D0152E5E4C250075386F /* ActivityLoaderView.swift in Sources */,
				19C8D0282E5EF5800075386F /* CardView.swift in Sources */,
				19C8D0162E5E4C250075386F /* BaseVC.swift in Sources */,
				19C8D06B2E5F58F80075386F /* RequestManager.swift in Sources */,
				19C8D06C2E5F58F80075386F /* APIConstants.swift in Sources */,
				19C8D06D2E5F58F80075386F /* NetworkManager.swift in Sources */,
				19C8D06E2E5F58F80075386F /* RequestType.swift in Sources */,
				19C8D06F2E5F58F80075386F /* RequestProtocol.swift in Sources */,
				19C8D0702E5F58F80075386F /* DataParser.swift in Sources */,
				19C8D0712E5F58F80075386F /* Logger.swift in Sources */,
				19C8D0722E5F58F80075386F /* NetworkError.swift in Sources */,
				19C8D0262E5E6F9E0075386F /* UISearchBarExt.swift in Sources */,
				19C8D0172E5E4C250075386F /* ToastView.swift in Sources */,
				19C8D0332E5EFCAB0075386F /* LoadCountiesUtil.swift in Sources */,
				19C8D0182E5E4C250075386F /* ShadowView.swift in Sources */,
				19C8D0192E5E4C250075386F /* CollectionViewExt.swift in Sources */,
				19C8D0302E5EFBAF0075386F /* Country.swift in Sources */,
				19C8D0222E5E64CE0075386F /* HeadlineCell.swift in Sources */,
				19C8D01A2E5E4C250075386F /* TableViewExt.swift in Sources */,
				19C8D03B2E5F13300075386F /* NewsDetailUI.swift in Sources */,
				19C8D01B2E5E4C250075386F /* UIImageExt.swift in Sources */,
				19C8D02A2E5EF5B20075386F /* UIColorHex.swift in Sources */,
				19C8D02C2E5EF8490075386F /* RoundCornersImage.swift in Sources */,
				19C8D01C2E5E4C250075386F /* SceneDelegate.swift in Sources */,
				19C8D01D2E5E4C250075386F /* AppDelegate.swift in Sources */,
			);
			runOnlyForDeploymentPostprocessing = 0;
		};
/* End PBXSourcesBuildPhase section */

/* Begin PBXVariantGroup section */
		19C8D0092E5E4C250075386F /* LaunchScreen.storyboard */ = {
			isa = PBXVariantGroup;
			children = (
				19C8D0082E5E4C250075386F /* Base */,
			);
			name = LaunchScreen.storyboard;
			sourceTree = "<group>";
		};
/* End PBXVariantGroup section */

/* Begin XCBuildConfiguration section */
		19C8CFA12E5E1A140075386F /* Debug */ = {
			isa = XCBuildConfiguration;
			buildSettings = {
				ASSETCATALOG_COMPILER_APPICON_NAME = AppIcon;
				ASSETCATALOG_COMPILER_GLOBAL_ACCENT_COLOR_NAME = AccentColor;
				CODE_SIGN_STYLE = Automatic;
				CURRENT_PROJECT_VERSION = 1;
				DEVELOPMENT_TEAM = 756W58326S;
				GENERATE_INFOPLIST_FILE = YES;
				INFOPLIST_FILE = NewsFlash/Info.plist;
				INFOPLIST_KEY_UIApplicationSupportsIndirectInputEvents = YES;
				INFOPLIST_KEY_UILaunchStoryboardName = LaunchScreen.storyboard;
				INFOPLIST_KEY_UIMainStoryboardFile = TopHeadlines;
				INFOPLIST_KEY_UISupportedInterfaceOrientations = UIInterfaceOrientationPortrait;
				LD_RUNPATH_SEARCH_PATHS = (
					"$(inherited)",
					"@executable_path/Frameworks",
				);
				MARKETING_VERSION = 1.0;
				PRODUCT_BUNDLE_IDENTIFIER = "Coptic-Orphans.NewsFlash";
				PRODUCT_NAME = "$(TARGET_NAME)";
				SWIFT_EMIT_LOC_STRINGS = YES;
				SWIFT_VERSION = 5.0;
				TARGETED_DEVICE_FAMILY = "1,2";
			};
			name = Debug;
		};
		19C8CFA22E5E1A140075386F /* Release */ = {
			isa = XCBuildConfiguration;
			buildSettings = {
				ASSETCATALOG_COMPILER_APPICON_NAME = AppIcon;
				ASSETCATALOG_COMPILER_GLOBAL_ACCENT_COLOR_NAME = AccentColor;
				CODE_SIGN_STYLE = Automatic;
				CURRENT_PROJECT_VERSION = 1;
				DEVELOPMENT_TEAM = 756W58326S;
				GENERATE_INFOPLIST_FILE = YES;
				INFOPLIST_FILE = NewsFlash/Info.plist;
				INFOPLIST_KEY_UIApplicationSupportsIndirectInputEvents = YES;
				INFOPLIST_KEY_UILaunchStoryboardName = LaunchScreen.storyboard;
				INFOPLIST_KEY_UIMainStoryboardFile = TopHeadlines;
				INFOPLIST_KEY_UISupportedInterfaceOrientations = UIInterfaceOrientationPortrait;
				LD_RUNPATH_SEARCH_PATHS = (
					"$(inherited)",
					"@executable_path/Frameworks",
				);
				MARKETING_VERSION = 1.0;
				PRODUCT_BUNDLE_IDENTIFIER = "Coptic-Orphans.NewsFlash";
				PRODUCT_NAME = "$(TARGET_NAME)";
				SWIFT_EMIT_LOC_STRINGS = YES;
				SWIFT_VERSION = 5.0;
				TARGETED_DEVICE_FAMILY = "1,2";
			};
			name = Release;
		};
		19C8CFA32E5E1A140075386F /* Debug */ = {
			isa = XCBuildConfiguration;
			buildSettings = {
				ALWAYS_SEARCH_USER_PATHS = NO;
				ASSETCATALOG_COMPILER_GENERATE_SWIFT_ASSET_SYMBOL_EXTENSIONS = YES;
				CLANG_ANALYZER_NONNULL = YES;
				CLANG_ANALYZER_NUMBER_OBJECT_CONVERSION = YES_AGGRESSIVE;
				CLANG_CXX_LANGUAGE_STANDARD = "gnu++20";
				CLANG_ENABLE_MODULES = YES;
				CLANG_ENABLE_OBJC_ARC = YES;
				CLANG_ENABLE_OBJC_WEAK = YES;
				CLANG_WARN_BLOCK_CAPTURE_AUTORELEASING = YES;
				CLANG_WARN_BOOL_CONVERSION = YES;
				CLANG_WARN_COMMA = YES;
				CLANG_WARN_CONSTANT_CONVERSION = YES;
				CLANG_WARN_DEPRECATED_OBJC_IMPLEMENTATIONS = YES;
				CLANG_WARN_DIRECT_OBJC_ISA_USAGE = YES_ERROR;
				CLANG_WARN_DOCUMENTATION_COMMENTS = YES;
				CLANG_WARN_EMPTY_BODY = YES;
				CLANG_WARN_ENUM_CONVERSION = YES;
				CLANG_WARN_INFINITE_RECURSION = YES;
				CLANG_WARN_INT_CONVERSION = YES;
				CLANG_WARN_NON_LITERAL_NULL_CONVERSION = YES;
				CLANG_WARN_OBJC_IMPLICIT_RETAIN_SELF = YES;
				CLANG_WARN_OBJC_LITERAL_CONVERSION = YES;
				CLANG_WARN_OBJC_ROOT_CLASS = YES_ERROR;
				CLANG_WARN_QUOTED_INCLUDE_IN_FRAMEWORK_HEADER = YES;
				CLANG_WARN_RANGE_LOOP_ANALYSIS = YES;
				CLANG_WARN_STRICT_PROTOTYPES = YES;
				CLANG_WARN_SUSPICIOUS_MOVE = YES;
				CLANG_WARN_UNGUARDED_AVAILABILITY = YES_AGGRESSIVE;
				CLANG_WARN_UNREACHABLE_CODE = YES;
				CLANG_WARN__DUPLICATE_METHOD_MATCH = YES;
				COPY_PHASE_STRIP = NO;
				DEBUG_INFORMATION_FORMAT = dwarf;
				ENABLE_STRICT_OBJC_MSGSEND = YES;
				ENABLE_TESTABILITY = YES;
				ENABLE_USER_SCRIPT_SANDBOXING = YES;
				GCC_C_LANGUAGE_STANDARD = gnu17;
				GCC_DYNAMIC_NO_PIC = NO;
				GCC_NO_COMMON_BLOCKS = YES;
				GCC_OPTIMIZATION_LEVEL = 0;
				GCC_PREPROCESSOR_DEFINITIONS = (
					"DEBUG=1",
					"$(inherited)",
				);
				GCC_WARN_64_TO_32_BIT_CONVERSION = YES;
				GCC_WARN_ABOUT_RETURN_TYPE = YES_ERROR;
				GCC_WARN_UNDECLARED_SELECTOR = YES;
				GCC_WARN_UNINITIALIZED_AUTOS = YES_AGGRESSIVE;
				GCC_WARN_UNUSED_FUNCTION = YES;
				GCC_WARN_UNUSED_VARIABLE = YES;
				IPHONEOS_DEPLOYMENT_TARGET = 18.2;
				LOCALIZATION_PREFERS_STRING_CATALOGS = YES;
				MTL_ENABLE_DEBUG_INFO = INCLUDE_SOURCE;
				MTL_FAST_MATH = YES;
				ONLY_ACTIVE_ARCH = YES;
				SDKROOT = iphoneos;
				SWIFT_ACTIVE_COMPILATION_CONDITIONS = "DEBUG $(inherited)";
				SWIFT_OPTIMIZATION_LEVEL = "-Onone";
			};
			name = Debug;
		};
		19C8CFA42E5E1A140075386F /* Release */ = {
			isa = XCBuildConfiguration;
			buildSettings = {
				ALWAYS_SEARCH_USER_PATHS = NO;
				ASSETCATALOG_COMPILER_GENERATE_SWIFT_ASSET_SYMBOL_EXTENSIONS = YES;
				CLANG_ANALYZER_NONNULL = YES;
				CLANG_ANALYZER_NUMBER_OBJECT_CONVERSION = YES_AGGRESSIVE;
				CLANG_CXX_LANGUAGE_STANDARD = "gnu++20";
				CLANG_ENABLE_MODULES = YES;
				CLANG_ENABLE_OBJC_ARC = YES;
				CLANG_ENABLE_OBJC_WEAK = YES;
				CLANG_WARN_BLOCK_CAPTURE_AUTORELEASING = YES;
				CLANG_WARN_BOOL_CONVERSION = YES;
				CLANG_WARN_COMMA = YES;
				CLANG_WARN_CONSTANT_CONVERSION = YES;
				CLANG_WARN_DEPRECATED_OBJC_IMPLEMENTATIONS = YES;
				CLANG_WARN_DIRECT_OBJC_ISA_USAGE = YES_ERROR;
				CLANG_WARN_DOCUMENTATION_COMMENTS = YES;
				CLANG_WARN_EMPTY_BODY = YES;
				CLANG_WARN_ENUM_CONVERSION = YES;
				CLANG_WARN_INFINITE_RECURSION = YES;
				CLANG_WARN_INT_CONVERSION = YES;
				CLANG_WARN_NON_LITERAL_NULL_CONVERSION = YES;
				CLANG_WARN_OBJC_IMPLICIT_RETAIN_SELF = YES;
				CLANG_WARN_OBJC_LITERAL_CONVERSION = YES;
				CLANG_WARN_OBJC_ROOT_CLASS = YES_ERROR;
				CLANG_WARN_QUOTED_INCLUDE_IN_FRAMEWORK_HEADER = YES;
				CLANG_WARN_RANGE_LOOP_ANALYSIS = YES;
				CLANG_WARN_STRICT_PROTOTYPES = YES;
				CLANG_WARN_SUSPICIOUS_MOVE = YES;
				CLANG_WARN_UNGUARDED_AVAILABILITY = YES_AGGRESSIVE;
				CLANG_WARN_UNREACHABLE_CODE = YES;
				CLANG_WARN__DUPLICATE_METHOD_MATCH = YES;
				COPY_PHASE_STRIP = NO;
				DEBUG_INFORMATION_FORMAT = "dwarf-with-dsym";
				ENABLE_NS_ASSERTIONS = NO;
				ENABLE_STRICT_OBJC_MSGSEND = YES;
				ENABLE_USER_SCRIPT_SANDBOXING = YES;
				GCC_C_LANGUAGE_STANDARD = gnu17;
				GCC_NO_COMMON_BLOCKS = YES;
				GCC_WARN_64_TO_32_BIT_CONVERSION = YES;
				GCC_WARN_ABOUT_RETURN_TYPE = YES_ERROR;
				GCC_WARN_UNDECLARED_SELECTOR = YES;
				GCC_WARN_UNINITIALIZED_AUTOS = YES_AGGRESSIVE;
				GCC_WARN_UNUSED_FUNCTION = YES;
				GCC_WARN_UNUSED_VARIABLE = YES;
				IPHONEOS_DEPLOYMENT_TARGET = 18.2;
				LOCALIZATION_PREFERS_STRING_CATALOGS = YES;
				MTL_ENABLE_DEBUG_INFO = NO;
				MTL_FAST_MATH = YES;
				SDKROOT = iphoneos;
				SWIFT_COMPILATION_MODE = wholemodule;
				VALIDATE_PRODUCT = YES;
			};
			name = Release;
		};
/* End XCBuildConfiguration section */

/* Begin XCConfigurationList section */
		19C8CF882E5E1A130075386F /* Build configuration list for PBXProject "NewsFlash" */ = {
			isa = XCConfigurationList;
			buildConfigurations = (
				19C8CFA32E5E1A140075386F /* Debug */,
				19C8CFA42E5E1A140075386F /* Release */,
			);
			defaultConfigurationIsVisible = 0;
			defaultConfigurationName = Release;
		};
		19C8CFA02E5E1A140075386F /* Build configuration list for PBXNativeTarget "NewsFlash" */ = {
			isa = XCConfigurationList;
			buildConfigurations = (
				19C8CFA12E5E1A140075386F /* Debug */,
				19C8CFA22E5E1A140075386F /* Release */,
			);
			defaultConfigurationIsVisible = 0;
			defaultConfigurationName = Release;
		};
/* End XCConfigurationList section */
	};
	rootObject = 19C8CF852E5E1A130075386F /* Project object */;
}
